// !$*UTF8*$!
{
	archiveVersion = 1;
	classes = {
	};
	objectVersion = 46;
	objects = {

/* Begin PBXBuildFile section */
		BAA0CEE91D10C97F0035CC24 /* AppDelegate.swift in Sources */ = {isa = PBXBuildFile; fileRef = BAA0CEE81D10C97F0035CC24 /* AppDelegate.swift */; };
		BAA0CEEB1D10C97F0035CC24 /* ViewController.swift in Sources */ = {isa = PBXBuildFile; fileRef = BAA0CEEA1D10C97F0035CC24 /* ViewController.swift */; };
		BAA0CEEE1D10C97F0035CC24 /* Main.storyboard in Resources */ = {isa = PBXBuildFile; fileRef = BAA0CEEC1D10C97F0035CC24 /* Main.storyboard */; };
		BAA0CEF01D10C97F0035CC24 /* Assets.xcassets in Resources */ = {isa = PBXBuildFile; fileRef = BAA0CEEF1D10C97F0035CC24 /* Assets.xcassets */; };
		BAA0CEF31D10C97F0035CC24 /* LaunchScreen.storyboard in Resources */ = {isa = PBXBuildFile; fileRef = BAA0CEF11D10C97F0035CC24 /* LaunchScreen.storyboard */; };
		BAA0CEFE1D10C97F0035CC24 /* Just_the_TipTests.swift in Sources */ = {isa = PBXBuildFile; fileRef = BAA0CEFD1D10C97F0035CC24 /* Just_the_TipTests.swift */; };
		BAA0CF091D10C97F0035CC24 /* Just_the_TipUITests.swift in Sources */ = {isa = PBXBuildFile; fileRef = BAA0CF081D10C97F0035CC24 /* Just_the_TipUITests.swift */; };
/* End PBXBuildFile section */

/* Begin PBXContainerItemProxy section */
		BAA0CEFA1D10C97F0035CC24 /* PBXContainerItemProxy */ = {
			isa = PBXContainerItemProxy;
			containerPortal = BAA0CEDD1D10C97F0035CC24 /* Project object */;
			proxyType = 1;
			remoteGlobalIDString = BAA0CEE41D10C97F0035CC24;
			remoteInfo = "Just the Tip";
		};
		BAA0CF051D10C97F0035CC24 /* PBXContainerItemProxy */ = {
			isa = PBXContainerItemProxy;
			containerPortal = BAA0CEDD1D10C97F0035CC24 /* Project object */;
			proxyType = 1;
			remoteGlobalIDString = BAA0CEE41D10C97F0035CC24;
			remoteInfo = "Just the Tip";
		};
/* End PBXContainerItemProxy section */

/* Begin PBXFileReference section */
		BAA0CEE51D10C97F0035CC24 /* Just the Tip.app */ = {isa = PBXFileReference; explicitFileType = wrapper.application; includeInIndex = 0; path = "Just the Tip.app"; sourceTree = BUILT_PRODUCTS_DIR; };
		BAA0CEE81D10C97F0035CC24 /* AppDelegate.swift */ = {isa = PBXFileReference; lastKnownFileType = sourcecode.swift; path = AppDelegate.swift; sourceTree = "<group>"; };
		BAA0CEEA1D10C97F0035CC24 /* ViewController.swift */ = {isa = PBXFileReference; lastKnownFileType = sourcecode.swift; path = ViewController.swift; sourceTree = "<group>"; };
		BAA0CEED1D10C97F0035CC24 /* Base */ = {isa = PBXFileReference; lastKnownFileType = file.storyboard; name = Base; path = Base.lproj/Main.storyboard; sourceTree = "<group>"; };
		BAA0CEEF1D10C97F0035CC24 /* Assets.xcassets */ = {isa = PBXFileReference; lastKnownFileType = folder.assetcatalog; path = Assets.xcassets; sourceTree = "<group>"; };
		BAA0CEF21D10C97F0035CC24 /* Base */ = {isa = PBXFileReference; lastKnownFileType = file.storyboard; name = Base; path = Base.lproj/LaunchScreen.storyboard; sourceTree = "<group>"; };
		BAA0CEF41D10C97F0035CC24 /* Info.plist */ = {isa = PBXFileReference; lastKnownFileType = text.plist.xml; path = Info.plist; sourceTree = "<group>"; };
		BAA0CEF91D10C97F0035CC24 /* Just the TipTests.xctest */ = {isa = PBXFileReference; explicitFileType = wrapper.cfbundle; includeInIndex = 0; path = "Just the TipTests.xctest"; sourceTree = BUILT_PRODUCTS_DIR; };
		BAA0CEFD1D10C97F0035CC24 /* Just_the_TipTests.swift */ = {isa = PBXFileReference; lastKnownFileType = sourcecode.swift; path = Just_the_TipTests.swift; sourceTree = "<group>"; };
		BAA0CEFF1D10C97F0035CC24 /* Info.plist */ = {isa = PBXFileReference; lastKnownFileType = text.plist.xml; path = Info.plist; sourceTree = "<group>"; };
		BAA0CF041D10C97F0035CC24 /* Just the TipUITests.xctest */ = {isa = PBXFileReference; explicitFileType = wrapper.cfbundle; includeInIndex = 0; path = "Just the TipUITests.xctest"; sourceTree = BUILT_PRODUCTS_DIR; };
		BAA0CF081D10C97F0035CC24 /* Just_the_TipUITests.swift */ = {isa = PBXFileReference; lastKnownFileType = sourcecode.swift; path = Just_the_TipUITests.swift; sourceTree = "<group>"; };
		BAA0CF0A1D10C97F0035CC24 /* Info.plist */ = {isa = PBXFileReference; lastKnownFileType = text.plist.xml; path = Info.plist; sourceTree = "<group>"; };
/* End PBXFileReference section */

/* Begin PBXFrameworksBuildPhase section */
		BAA0CEE21D10C97F0035CC24 /* Frameworks */ = {
			isa = PBXFrameworksBuildPhase;
			buildActionMask = 2147483647;
			files = (
			);
			runOnlyForDeploymentPostprocessing = 0;
		};
		BAA0CEF61D10C97F0035CC24 /* Frameworks */ = {
			isa = PBXFrameworksBuildPhase;
			buildActionMask = 2147483647;
			files = (
			);
			runOnlyForDeploymentPostprocessing = 0;
		};
		BAA0CF011D10C97F0035CC24 /* Frameworks */ = {
			isa = PBXFrameworksBuildPhase;
			buildActionMask = 2147483647;
			files = (
			);
			runOnlyForDeploymentPostprocessing = 0;
		};
/* End PBXFrameworksBuildPhase section */

/* Begin PBXGroup section */
		BAA0CEDC1D10C97F0035CC24 = {
			isa = PBXGroup;
			children = (
				BAA0CEE71D10C97F0035CC24 /* Just the Tip */,
				BAA0CEFC1D10C97F0035CC24 /* Just the TipTests */,
				BAA0CF071D10C97F0035CC24 /* Just the TipUITests */,
				BAA0CEE61D10C97F0035CC24 /* Products */,
			);
			sourceTree = "<group>";
		};
		BAA0CEE61D10C97F0035CC24 /* Products */ = {
			isa = PBXGroup;
			children = (
				BAA0CEE51D10C97F0035CC24 /* Just the Tip.app */,
				BAA0CEF91D10C97F0035CC24 /* Just the TipTests.xctest */,
				BAA0CF041D10C97F0035CC24 /* Just the TipUITests.xctest */,
			);
			name = Products;
			sourceTree = "<group>";
		};
		BAA0CEE71D10C97F0035CC24 /* Just the Tip */ = {
			isa = PBXGroup;
			children = (
				BAA0CEE81D10C97F0035CC24 /* AppDelegate.swift */,
				BAA0CEEA1D10C97F0035CC24 /* ViewController.swift */,
				BAA0CEEC1D10C97F0035CC24 /* Main.storyboard */,
				BAA0CEEF1D10C97F0035CC24 /* Assets.xcassets */,
				BAA0CEF11D10C97F0035CC24 /* LaunchScreen.storyboard */,
				BAA0CEF41D10C97F0035CC24 /* Info.plist */,
			);
			path = "Just the Tip";
			sourceTree = "<group>";
		};
		BAA0CEFC1D10C97F0035CC24 /* Just the TipTests */ = {
			isa = PBXGroup;
			children = (
				BAA0CEFD1D10C97F0035CC24 /* Just_the_TipTests.swift */,
				BAA0CEFF1D10C97F0035CC24 /* Info.plist */,
			);
			path = "Just the TipTests";
			sourceTree = "<group>";
		};
		BAA0CF071D10C97F0035CC24 /* Just the TipUITests */ = {
			isa = PBXGroup;
			children = (
				BAA0CF081D10C97F0035CC24 /* Just_the_TipUITests.swift */,
				BAA0CF0A1D10C97F0035CC24 /* Info.plist */,
			);
			path = "Just the TipUITests";
			sourceTree = "<group>";
		};
/* End PBXGroup section */

/* Begin PBXNativeTarget section */
		BAA0CEE41D10C97F0035CC24 /* Just the Tip */ = {
			isa = PBXNativeTarget;
			buildConfigurationList = BAA0CF0D1D10C97F0035CC24 /* Build configuration list for PBXNativeTarget "Just the Tip" */;
			buildPhases = (
				BAA0CEE11D10C97F0035CC24 /* Sources */,
				BAA0CEE21D10C97F0035CC24 /* Frameworks */,
				BAA0CEE31D10C97F0035CC24 /* Resources */,
			);
			buildRules = (
			);
			dependencies = (
			);
			name = "Just the Tip";
			productName = "Just the Tip";
			productReference = BAA0CEE51D10C97F0035CC24 /* Just the Tip.app */;
			productType = "com.apple.product-type.application";
		};
		BAA0CEF81D10C97F0035CC24 /* Just the TipTests */ = {
			isa = PBXNativeTarget;
			buildConfigurationList = BAA0CF101D10C97F0035CC24 /* Build configuration list for PBXNativeTarget "Just the TipTests" */;
			buildPhases = (
				BAA0CEF51D10C97F0035CC24 /* Sources */,
				BAA0CEF61D10C97F0035CC24 /* Frameworks */,
				BAA0CEF71D10C97F0035CC24 /* Resources */,
			);
			buildRules = (
			);
			dependencies = (
				BAA0CEFB1D10C97F0035CC24 /* PBXTargetDependency */,
			);
			name = "Just the TipTests";
			productName = "Just the TipTests";
			productReference = BAA0CEF91D10C97F0035CC24 /* Just the TipTests.xctest */;
			productType = "com.apple.product-type.bundle.unit-test";
		};
		BAA0CF031D10C97F0035CC24 /* Just the TipUITests */ = {
			isa = PBXNativeTarget;
			buildConfigurationList = BAA0CF131D10C97F0035CC24 /* Build configuration list for PBXNativeTarget "Just the TipUITests" */;
			buildPhases = (
				BAA0CF001D10C97F0035CC24 /* Sources */,
				BAA0CF011D10C97F0035CC24 /* Frameworks */,
				BAA0CF021D10C97F0035CC24 /* Resources */,
			);
			buildRules = (
			);
			dependencies = (
				BAA0CF061D10C97F0035CC24 /* PBXTargetDependency */,
			);
			name = "Just the TipUITests";
			productName = "Just the TipUITests";
			productReference = BAA0CF041D10C97F0035CC24 /* Just the TipUITests.xctest */;
			productType = "com.apple.product-type.bundle.ui-testing";
		};
/* End PBXNativeTarget section */

/* Begin PBXProject section */
		BAA0CEDD1D10C97F0035CC24 /* Project object */ = {
			isa = PBXProject;
			attributes = {
				LastSwiftUpdateCheck = 0730;
				LastUpgradeCheck = 0730;
				ORGANIZATIONNAME = "Jessica Choi";
				TargetAttributes = {
					BAA0CEE41D10C97F0035CC24 = {
						CreatedOnToolsVersion = 7.3.1;
					};
					BAA0CEF81D10C97F0035CC24 = {
						CreatedOnToolsVersion = 7.3.1;
						TestTargetID = BAA0CEE41D10C97F0035CC24;
					};
					BAA0CF031D10C97F0035CC24 = {
						CreatedOnToolsVersion = 7.3.1;
						TestTargetID = BAA0CEE41D10C97F0035CC24;
					};
				};
			};
			buildConfigurationList = BAA0CEE01D10C97F0035CC24 /* Build configuration list for PBXProject "Just the Tip" */;
			compatibilityVersion = "Xcode 3.2";
			developmentRegion = English;
			hasScannedForEncodings = 0;
			knownRegions = (
				en,
				Base,
			);
			mainGroup = BAA0CEDC1D10C97F0035CC24;
			productRefGroup = BAA0CEE61D10C97F0035CC24 /* Products */;
			projectDirPath = "";
			projectRoot = "";
			targets = (
				BAA0CEE41D10C97F0035CC24 /* Just the Tip */,
				BAA0CEF81D10C97F0035CC24 /* Just the TipTests */,
				BAA0CF031D10C97F0035CC24 /* Just the TipUITests */,
			);
		};
/* End PBXProject section */

/* Begin PBXResourcesBuildPhase section */
		BAA0CEE31D10C97F0035CC24 /* Resources */ = {
			isa = PBXResourcesBuildPhase;
			buildActionMask = 2147483647;
			files = (
				BAA0CEF31D10C97F0035CC24 /* LaunchScreen.storyboard in Resources */,
				BAA0CEF01D10C97F0035CC24 /* Assets.xcassets in Resources */,
				BAA0CEEE1D10C97F0035CC24 /* Main.storyboard in Resources */,
			);
			runOnlyForDeploymentPostprocessing = 0;
		};
		BAA0CEF71D10C97F0035CC24 /* Resources */ = {
			isa = PBXResourcesBuildPhase;
			buildActionMask = 2147483647;
			files = (
			);
			runOnlyForDeploymentPostprocessing = 0;
		};
		BAA0CF021D10C97F0035CC24 /* Resources */ = {
			isa = PBXResourcesBuildPhase;
			buildActionMask = 2147483647;
			files = (
			);
			runOnlyForDeploymentPostprocessing = 0;
		};
/* End PBXResourcesBuildPhase section */

/* Begin PBXSourcesBuildPhase section */
		BAA0CEE11D10C97F0035CC24 /* Sources */ = {
			isa = PBXSourcesBuildPhase;
			buildActionMask = 2147483647;
			files = (
				BAA0CEEB1D10C97F0035CC24 /* ViewController.swift in Sources */,
				BAA0CEE91D10C97F0035CC24 /* AppDelegate.swift in Sources */,
			);
			runOnlyForDeploymentPostprocessing = 0;
		};
		BAA0CEF51D10C97F0035CC24 /* Sources */ = {
			isa = PBXSourcesBuildPhase;
			buildActionMask = 2147483647;
			files = (
				BAA0CEFE1D10C97F0035CC24 /* Just_the_TipTests.swift in Sources */,
			);
			runOnlyForDeploymentPostprocessing = 0;
		};
		BAA0CF001D10C97F0035CC24 /* Sources */ = {
			isa = PBXSourcesBuildPhase;
			buildActionMask = 2147483647;
			files = (
				BAA0CF091D10C97F0035CC24 /* Just_the_TipUITests.swift in Sources */,
			);
			runOnlyForDeploymentPostprocessing = 0;
		};
/* End PBXSourcesBuildPhase section */

/* Begin PBXTargetDependency section */
		BAA0CEFB1D10C97F0035CC24 /* PBXTargetDependency */ = {
			isa = PBXTargetDependency;
			target = BAA0CEE41D10C97F0035CC24 /* Just the Tip */;
			targetProxy = BAA0CEFA1D10C97F0035CC24 /* PBXContainerItemProxy */;
		};
		BAA0CF061D10C97F0035CC24 /* PBXTargetDependency */ = {
			isa = PBXTargetDependency;
			target = BAA0CEE41D10C97F0035CC24 /* Just the Tip */;
			targetProxy = BAA0CF051D10C97F0035CC24 /* PBXContainerItemProxy */;
		};
/* End PBXTargetDependency section */

/* Begin PBXVariantGroup section */
		BAA0CEEC1D10C97F0035CC24 /* Main.storyboard */ = {
			isa = PBXVariantGroup;
			children = (
				BAA0CEED1D10C97F0035CC24 /* Base */,
			);
			name = Main.storyboard;
			sourceTree = "<group>";
		};
		BAA0CEF11D10C97F0035CC24 /* LaunchScreen.storyboard */ = {
			isa = PBXVariantGroup;
			children = (
				BAA0CEF21D10C97F0035CC24 /* Base */,
			);
			name = LaunchScreen.storyboard;
			sourceTree = "<group>";
		};
/* End PBXVariantGroup section */

/* Begin XCBuildConfiguration section */
		BAA0CF0B1D10C97F0035CC24 /* Debug */ = {
			isa = XCBuildConfiguration;
			buildSettings = {
				ALWAYS_SEARCH_USER_PATHS = NO;
				CLANG_ANALYZER_NONNULL = YES;
				CLANG_CXX_LANGUAGE_STANDARD = "gnu++0x";
				CLANG_CXX_LIBRARY = "libc++";
				CLANG_ENABLE_MODULES = YES;
				CLANG_ENABLE_OBJC_ARC = YES;
				CLANG_WARN_BOOL_CONVERSION = YES;
				CLANG_WARN_CONSTANT_CONVERSION = YES;
				CLANG_WARN_DIRECT_OBJC_ISA_USAGE = YES_ERROR;
				CLANG_WARN_EMPTY_BODY = YES;
				CLANG_WARN_ENUM_CONVERSION = YES;
				CLANG_WARN_INT_CONVERSION = YES;
				CLANG_WARN_OBJC_ROOT_CLASS = YES_ERROR;
				CLANG_WARN_UNREACHABLE_CODE = YES;
				CLANG_WARN__DUPLICATE_METHOD_MATCH = YES;
				"CODE_SIGN_IDENTITY[sdk=iphoneos*]" = "iPhone Developer";
				COPY_PHASE_STRIP = NO;
				DEBUG_INFORMATION_FORMAT = dwarf;
				ENABLE_STRICT_OBJC_MSGSEND = YES;
				ENABLE_TESTABILITY = YES;
				GCC_C_LANGUAGE_STANDARD = gnu99;
				GCC_DYNAMIC_NO_PIC = NO;
				GCC_NO_COMMON_BLOCKS = YES;
				GCC_OPTIMIZATION_LEVEL = 0;
				GCC_PREPROCESSOR_DEFINITIONS = (
					"DEBUG=1",
					"$(inherited)",
				);
				GCC_WARN_64_TO_32_BIT_CONVERSION = YES;
				GCC_WARN_ABOUT_RETURN_TYPE = YES_ERROR;
				GCC_WARN_UNDECLARED_SELECTOR = YES;
				GCC_WARN_UNINITIALIZED_AUTOS = YES_AGGRESSIVE;
				GCC_WARN_UNUSED_FUNCTION = YES;
				GCC_WARN_UNUSED_VARIABLE = YES;
				IPHONEOS_DEPLOYMENT_TARGET = 9.3;
				MTL_ENABLE_DEBUG_INFO = YES;
				ONLY_ACTIVE_ARCH = YES;
				SDKROOT = iphoneos;
				SWIFT_OPTIMIZATION_LEVEL = "-Onone";
			};
			name = Debug;
		};
		BAA0CF0C1D10C97F0035CC24 /* Release */ = {
			isa = XCBuildConfiguration;
			buildSettings = {
				ALWAYS_SEARCH_USER_PATHS = NO;
				CLANG_ANALYZER_NONNULL = YES;
				CLANG_CXX_LANGUAGE_STANDARD = "gnu++0x";
				CLANG_CXX_LIBRARY = "libc++";
				CLANG_ENABLE_MODULES = YES;
				CLANG_ENABLE_OBJC_ARC = YES;
				CLANG_WARN_BOOL_CONVERSION = YES;
				CLANG_WARN_CONSTANT_CONVERSION = YES;
				CLANG_WARN_DIRECT_OBJC_ISA_USAGE = YES_ERROR;
				CLANG_WARN_EMPTY_BODY = YES;
				CLANG_WARN_ENUM_CONVERSION = YES;
				CLANG_WARN_INT_CONVERSION = YES;
				CLANG_WARN_OBJC_ROOT_CLASS = YES_ERROR;
				CLANG_WARN_UNREACHABLE_CODE = YES;
				CLANG_WARN__DUPLICATE_METHOD_MATCH = YES;
				"CODE_SIGN_IDENTITY[sdk=iphoneos*]" = "iPhone Developer";
				COPY_PHASE_STRIP = NO;
				DEBUG_INFORMATION_FORMAT = "dwarf-with-dsym";
				ENABLE_NS_ASSERTIONS = NO;
				ENABLE_STRICT_OBJC_MSGSEND = YES;
				GCC_C_LANGUAGE_STANDARD = gnu99;
				GCC_NO_COMMON_BLOCKS = YES;
				GCC_WARN_64_TO_32_BIT_CONVERSION = YES;
				GCC_WARN_ABOUT_RETURN_TYPE = YES_ERROR;
				GCC_WARN_UNDECLARED_SELECTOR = YES;
				GCC_WARN_UNINITIALIZED_AUTOS = YES_AGGRESSIVE;
				GCC_WARN_UNUSED_FUNCTION = YES;
				GCC_WARN_UNUSED_VARIABLE = YES;
				IPHONEOS_DEPLOYMENT_TARGET = 9.3;
				MTL_ENABLE_DEBUG_INFO = NO;
				SDKROOT = iphoneos;
				VALIDATE_PRODUCT = YES;
			};
			name = Release;
		};
		BAA0CF0E1D10C97F0035CC24 /* Debug */ = {
			isa = XCBuildConfiguration;
			buildSettings = {
				ASSETCATALOG_COMPILER_APPICON_NAME = AppIcon;
				INFOPLIST_FILE = "Just the Tip/Info.plist";
				LD_RUNPATH_SEARCH_PATHS = "$(inherited) @executable_path/Frameworks";
				PRODUCT_BUNDLE_IDENTIFIER = "com.codepath.Just-the-Tip";
				PRODUCT_NAME = "$(TARGET_NAME)";
			};
			name = Debug;
		};
		BAA0CF0F1D10C97F0035CC24 /* Release */ = {
			isa = XCBuildConfiguration;
			buildSettings = {
				ASSETCATALOG_COMPILER_APPICON_NAME = AppIcon;
				INFOPLIST_FILE = "Just the Tip/Info.plist";
				LD_RUNPATH_SEARCH_PATHS = "$(inherited) @executable_path/Frameworks";
				PRODUCT_BUNDLE_IDENTIFIER = "com.codepath.Just-the-Tip";
				PRODUCT_NAME = "$(TARGET_NAME)";
			};
			name = Release;
		};
		BAA0CF111D10C97F0035CC24 /* Debug */ = {
			isa = XCBuildConfiguration;
			buildSettings = {
				BUNDLE_LOADER = "$(TEST_HOST)";
				INFOPLIST_FILE = "Just the TipTests/Info.plist";
				LD_RUNPATH_SEARCH_PATHS = "$(inherited) @executable_path/Frameworks @loader_path/Frameworks";
				PRODUCT_BUNDLE_IDENTIFIER = "com.codepath.Just-the-TipTests";
				PRODUCT_NAME = "$(TARGET_NAME)";
				TEST_HOST = "$(BUILT_PRODUCTS_DIR)/Just the Tip.app/Just the Tip";
			};
			name = Debug;
		};
		BAA0CF121D10C97F0035CC24 /* Release */ = {
			isa = XCBuildConfiguration;
			buildSettings = {
				BUNDLE_LOADER = "$(TEST_HOST)";
				INFOPLIST_FILE = "Just the TipTests/Info.plist";
				LD_RUNPATH_SEARCH_PATHS = "$(inherited) @executable_path/Frameworks @loader_path/Frameworks";
				PRODUCT_BUNDLE_IDENTIFIER = "com.codepath.Just-the-TipTests";
				PRODUCT_NAME = "$(TARGET_NAME)";
				TEST_HOST = "$(BUILT_PRODUCTS_DIR)/Just the Tip.app/Just the Tip";
			};
			name = Release;
		};
		BAA0CF141D10C97F0035CC24 /* Debug */ = {
			isa = XCBuildConfiguration;
			buildSettings = {
				INFOPLIST_FILE = "Just the TipUITests/Info.plist";
				LD_RUNPATH_SEARCH_PATHS = "$(inherited) @executable_path/Frameworks @loader_path/Frameworks";
				PRODUCT_BUNDLE_IDENTIFIER = "com.codepath.Just-the-TipUITests";
				PRODUCT_NAME = "$(TARGET_NAME)";
				TEST_TARGET_NAME = "Just the Tip";
			};
			name = Debug;
		};
		BAA0CF151D10C97F0035CC24 /* Release */ = {
			isa = XCBuildConfiguration;
			buildSettings = {
				INFOPLIST_FILE = "Just the TipUITests/Info.plist";
				LD_RUNPATH_SEARCH_PATHS = "$(inherited) @executable_path/Frameworks @loader_path/Frameworks";
				PRODUCT_BUNDLE_IDENTIFIER = "com.codepath.Just-the-TipUITests";
				PRODUCT_NAME = "$(TARGET_NAME)";
				TEST_TARGET_NAME = "Just the Tip";
			};
			name = Release;
		};
/* End XCBuildConfiguration section */

/* Begin XCConfigurationList section */
		BAA0CEE01D10C97F0035CC24 /* Build configuration list for PBXProject "Just the Tip" */ = {
			isa = XCConfigurationList;
			buildConfigurations = (
				BAA0CF0B1D10C97F0035CC24 /* Debug */,
				BAA0CF0C1D10C97F0035CC24 /* Release */,
			);
			defaultConfigurationIsVisible = 0;
			defaultConfigurationName = Release;
		};
		BAA0CF0D1D10C97F0035CC24 /* Build configuration list for PBXNativeTarget "Just the Tip" */ = {
			isa = XCConfigurationList;
			buildConfigurations = (
				BAA0CF0E1D10C97F0035CC24 /* Debug */,
				BAA0CF0F1D10C97F0035CC24 /* Release */,
			);
			defaultConfigurationIsVisible = 0;
		};
		BAA0CF101D10C97F0035CC24 /* Build configuration list for PBXNativeTarget "Just the TipTests" */ = {
			isa = XCConfigurationList;
			buildConfigurations = (
				BAA0CF111D10C97F0035CC24 /* Debug */,
				BAA0CF121D10C97F0035CC24 /* Release */,
			);
			defaultConfigurationIsVisible = 0;
		};
		BAA0CF131D10C97F0035CC24 /* Build configuration list for PBXNativeTarget "Just the TipUITests" */ = {
			isa = XCConfigurationList;
			buildConfigurations = (
				BAA0CF141D10C97F0035CC24 /* Debug */,
				BAA0CF151D10C97F0035CC24 /* Release */,
			);
			defaultConfigurationIsVisible = 0;
		};
/* End XCConfigurationList section */
	};
	rootObject = BAA0CEDD1D10C97F0035CC24 /* Project object */;
}
